// !$*UTF8*$!
{archiveVersion=1;classes={};objectVersion=56;objects={
F1F38DF0F6A5E721AD21E421={isa=PBXFileReference; lastKnownFileType=sourcecode.swift; path="Shared/HeatActivityAttributes.swift"; sourceTree="<group>";};
7FE4B26D81395C81DCFF910E={isa=PBXFileReference; lastKnownFileType=sourcecode.swift; path="GameDay/Core/DemoData.swift"; sourceTree="<group>";};
E27B46F37612388F7B5D804E={isa=PBXFileReference; lastKnownFileType=sourcecode.swift; path="GameDay/Core/DesignSystem.swift"; sourceTree="<group>";};
2BD90BAEB506EBB826243148={isa=PBXFileReference; lastKnownFileType=sourcecode.swift; path="GameDay/Core/GameDayAPI.swift"; sourceTree="<group>";};
D7F1B889D5AA9DC3D67DBDCC={isa=PBXFileReference; lastKnownFileType=sourcecode.swift; path="GameDay/Core/GameDayStore.swift"; sourceTree="<group>";};
368E01111EC853D3F4EF5C50={isa=PBXFileReference; lastKnownFileType=sourcecode.swift; path="GameDay/Core/HeatReminders.swift"; sourceTree="<group>";};
A73A5813AF805AC664D01456={isa=PBXFileReference; lastKnownFileType=sourcecode.swift; path="GameDay/Core/Models.swift"; sourceTree="<group>";};
B6EF6D49AB3EF3BED80AED4E={isa=PBXFileReference; lastKnownFileType=sourcecode.swift; path="GameDay/Features/AppShell.swift"; sourceTree="<group>";};
F4EFB904735DDAAE1BAC7767={isa=PBXFileReference; lastKnownFileType=sourcecode.swift; path="GameDay/Features/CompetitionPages.swift"; sourceTree="<group>";};
E5C28653FE48C96693091AEF={isa=PBXFileReference; lastKnownFileType=sourcecode.swift; path="GameDay/Features/CompetitionView.swift"; sourceTree="<group>";};
B412C330E686ABF6ACD2DD4E={isa=PBXFileReference; lastKnownFileType=sourcecode.swift; path="GameDay/Features/ProfileView.swift"; sourceTree="<group>";};
AABC014346512F63D7D6F691={isa=PBXFileReference; lastKnownFileType=sourcecode.swift; path="GameDay/Features/WorkoutDetailView.swift"; sourceTree="<group>";};
4FFD17DF217672F937C00F2A={isa=PBXFileReference; lastKnownFileType=sourcecode.swift; path="GameDay/GameDayApp.swift"; sourceTree="<group>";};
E82E0E9CF93F3F52FA77F579={isa=PBXFileReference; lastKnownFileType=sourcecode.swift; path="GameDayActivity/GameDayActivity.swift"; sourceTree="<group>";};
3243C8FD20011E99569F0071={isa=PBXFileReference; lastKnownFileType=sourcecode.swift; path="GameDayTests/GameDayTests.swift"; sourceTree="<group>";};
52E4EAD66F8EE1F4775AAD87={isa=PBXFileReference; lastKnownFileType=sourcecode.swift; path="GameDayTests/ReminderConcurrencyTests.swift"; sourceTree="<group>";};
A981FD4DA1D3DCC59211A114={isa=PBXFileReference; lastKnownFileType=sourcecode.swift; path="GameDayTests/ResourceStateTests.swift"; sourceTree="<group>";};
948EE658E27FD0B2A735FD8B={isa=PBXFileReference; lastKnownFileType=sourcecode.swift; path="GameDayTests/WorkoutDivisionTests.swift"; sourceTree="<group>";};
C24B746C5972B73A417C62BF={isa=PBXFileReference; lastKnownFileType=sourcecode.swift; path="GameDayUITests/AccessibilityLayoutTests.swift"; sourceTree="<group>";};
DD7B7C7DEF7F65BF9FA11187={isa=PBXFileReference; lastKnownFileType=sourcecode.swift; path="GameDayUITests/GameDayUITests.swift"; sourceTree="<group>";};
D737C116599C99B09EE30932={isa=PBXFileReference; lastKnownFileType=sourcecode.swift; path="GameDayUITests/NativeAccessibilityAuditTests.swift"; sourceTree="<group>";};
6DBB21C596C78AEEE217A09C={isa=PBXFileReference; lastKnownFileType=sourcecode.swift; path="GameDayUITests/WorkoutFlowTests.swift"; sourceTree="<group>";};
D11D87D4268925FE7D9593AF={isa=PBXFileReference; lastKnownFileType=folder.assetcatalog; path="GameDay/Resources/Assets.xcassets"; sourceTree="<group>";};
153CE5D13BB3267B116B9B5E={isa=PBXFileReference; lastKnownFileType=text.xml; path="GameDay/Resources/PrivacyInfo.xcprivacy"; sourceTree="<group>";};
CAC424D32327B083B4DF5E9F={isa=PBXFileReference; explicitFileType=wrapper.app-extension; path=GameDayActivity.appex; sourceTree=BUILT_PRODUCTS_DIR;};
8F982F8D2C8F99135C7FBC36={isa=PBXBuildFile; fileRef=E82E0E9CF93F3F52FA77F579;};
EA3F9EA7B90756E3AAC593C9={isa=PBXBuildFile; fileRef=F1F38DF0F6A5E721AD21E421;};
40F2615504187DC9F07F2442={isa=PBXSourcesBuildPhase; buildActionMask=2147483647; files=(8F982F8D2C8F99135C7FBC36,EA3F9EA7B90756E3AAC593C9); runOnlyForDeploymentPostprocessing=0;};
521C49736E1CB877400DA284={isa=PBXResourcesBuildPhase; buildActionMask=2147483647; files=(); runOnlyForDeploymentPostprocessing=0;};
27CFE1E2A702E269EEB1ED6C={isa=PBXFrameworksBuildPhase; buildActionMask=2147483647; files=(); runOnlyForDeploymentPostprocessing=0;};
BF81BBB1579391127DC40FB2={isa=XCBuildConfiguration; name=Debug; buildSettings={SDKROOT="iphoneos";IPHONEOS_DEPLOYMENT_TARGET="18.0";SWIFT_VERSION="5.0";TARGETED_DEVICE_FAMILY="1";CODE_SIGN_STYLE="Automatic";DEVELOPMENT_TEAM="TV6G82BJ4U";MARKETING_VERSION="1.0";CURRENT_PROJECT_VERSION="1";ENABLE_USER_SCRIPT_SANDBOXING="YES";CLANG_ENABLE_MODULES="YES";SWIFT_STRICT_CONCURRENCY="complete";SWIFT_OPTIMIZATION_LEVEL="-Onone";SWIFT_ACTIVE_COMPILATION_CONDITIONS="DEBUG";PRODUCT_NAME="GameDayActivity";PRODUCT_BUNDLE_IDENTIFIER="com.wodsmith.gameday.activity";INFOPLIST_FILE="GameDayActivity/Info.plist";SKIP_INSTALL="YES";APPLICATION_EXTENSION_API_ONLY="YES";LD_RUNPATH_SEARCH_PATHS="$(inherited) @executable_path/Frameworks @executable_path/../../Frameworks";};};
7B384D892812BA6879A155BD={isa=XCBuildConfiguration; name=Release; buildSettings={SDKROOT="iphoneos";IPHONEOS_DEPLOYMENT_TARGET="18.0";SWIFT_VERSION="5.0";TARGETED_DEVICE_FAMILY="1";CODE_SIGN_STYLE="Automatic";DEVELOPMENT_TEAM="TV6G82BJ4U";MARKETING_VERSION="1.0";CURRENT_PROJECT_VERSION="1";ENABLE_USER_SCRIPT_SANDBOXING="YES";CLANG_ENABLE_MODULES="YES";SWIFT_STRICT_CONCURRENCY="complete";SWIFT_OPTIMIZATION_LEVEL="-O";SWIFT_ACTIVE_COMPILATION_CONDITIONS="";PRODUCT_NAME="GameDayActivity";PRODUCT_BUNDLE_IDENTIFIER="com.wodsmith.gameday.activity";INFOPLIST_FILE="GameDayActivity/Info.plist";SKIP_INSTALL="YES";APPLICATION_EXTENSION_API_ONLY="YES";LD_RUNPATH_SEARCH_PATHS="$(inherited) @executable_path/Frameworks @executable_path/../../Frameworks";};};
1610BA4013783B759ECECEF2={isa=XCConfigurationList; buildConfigurations=(BF81BBB1579391127DC40FB2,7B384D892812BA6879A155BD); defaultConfigurationIsVisible=0; defaultConfigurationName=Release;};
835034A0D6C63CFCE24BE37C={isa=PBXNativeTarget;buildConfigurationList=1610BA4013783B759ECECEF2;buildPhases=(40F2615504187DC9F07F2442,521C49736E1CB877400DA284,27CFE1E2A702E269EEB1ED6C);buildRules=();dependencies=();name=GameDayActivity;productName=GameDayActivity;productReference=CAC424D32327B083B4DF5E9F;productType="com.apple.product-type.app-extension";};
47C945B8A462B93053EDBFA8={isa=PBXContainerItemProxy;containerPortal=98F54143AB4E86B28C3AFEE0;proxyType=1;remoteGlobalIDString=835034A0D6C63CFCE24BE37C;remoteInfo="GameDayActivity";};
AC7ECA2F77832307CBA677DC={isa=PBXTargetDependency;target=835034A0D6C63CFCE24BE37C;targetProxy=47C945B8A462B93053EDBFA8;};
DB3DC263930E1C6A45ECD5B6={isa=PBXFileReference; explicitFileType=wrapper.application; path=GameDay.app; sourceTree=BUILT_PRODUCTS_DIR;};
47A60BFB3A5B81C960990132={isa=PBXBuildFile; fileRef=7FE4B26D81395C81DCFF910E;};
A630C35BD91DC82FCA6B14C7={isa=PBXBuildFile; fileRef=E27B46F37612388F7B5D804E;};
370F5399C815B51AEE8EFE03={isa=PBXBuildFile; fileRef=2BD90BAEB506EBB826243148;};
9084570301E280C7EED77345={isa=PBXBuildFile; fileRef=D7F1B889D5AA9DC3D67DBDCC;};
C5F050DF40250CBA44C44810={isa=PBXBuildFile; fileRef=368E01111EC853D3F4EF5C50;};
2A563CD02AA0EB7DCED46E7D={isa=PBXBuildFile; fileRef=A73A5813AF805AC664D01456;};
B71861B59AACF13D240CC4FA={isa=PBXBuildFile; fileRef=B6EF6D49AB3EF3BED80AED4E;};
29C0744B25E491BD01EA597A={isa=PBXBuildFile; fileRef=F4EFB904735DDAAE1BAC7767;};
295C848FA6E79DC6BEAB8C12={isa=PBXBuildFile; fileRef=E5C28653FE48C96693091AEF;};
18D5CEB1D3B3928B40C95344={isa=PBXBuildFile; fileRef=B412C330E686ABF6ACD2DD4E;};
F33623E4E123BE5E7B92AD86={isa=PBXBuildFile; fileRef=AABC014346512F63D7D6F691;};
061952ADB72AE4DAF9806C8F={isa=PBXBuildFile; fileRef=4FFD17DF217672F937C00F2A;};
70182AE4905C860D28D1D543={isa=PBXBuildFile; fileRef=F1F38DF0F6A5E721AD21E421;};
FED2FDE401BEF3DE9FDD3BA6={isa=PBXSourcesBuildPhase; buildActionMask=2147483647; files=(47A60BFB3A5B81C960990132,A630C35BD91DC82FCA6B14C7,370F5399C815B51AEE8EFE03,9084570301E280C7EED77345,C5F050DF40250CBA44C44810,2A563CD02AA0EB7DCED46E7D,B71861B59AACF13D240CC4FA,29C0744B25E491BD01EA597A,295C848FA6E79DC6BEAB8C12,18D5CEB1D3B3928B40C95344,F33623E4E123BE5E7B92AD86,061952ADB72AE4DAF9806C8F,70182AE4905C860D28D1D543); runOnlyForDeploymentPostprocessing=0;};
56CAD6080A544BA240579A04={isa=PBXBuildFile; fileRef=D11D87D4268925FE7D9593AF;};
5C1995A5C39DECE12B7EB555={isa=PBXBuildFile; fileRef=153CE5D13BB3267B116B9B5E;};
F3B0BF6A58BC5A84DA46BAFA={isa=PBXResourcesBuildPhase; buildActionMask=2147483647; files=(56CAD6080A544BA240579A04,5C1995A5C39DECE12B7EB555); runOnlyForDeploymentPostprocessing=0;};
EA53654C3CE48ABF9DE310B9={isa=PBXFrameworksBuildPhase; buildActionMask=2147483647; files=(); runOnlyForDeploymentPostprocessing=0;};
BAC8272826293A4FF5A8899A={isa=PBXBuildFile;fileRef=CAC424D32327B083B4DF5E9F;settings={ATTRIBUTES=(RemoveHeadersOnCopy,);};};
34F62FEB2CD66FC8EFC648B8={isa=PBXCopyFilesBuildPhase; buildActionMask=2147483647;dstPath="";dstSubfolderSpec=13;files=(BAC8272826293A4FF5A8899A);name="Embed App Extensions";runOnlyForDeploymentPostprocessing=0;};
1708F61281037733430FED03={isa=XCBuildConfiguration; name=Debug; buildSettings={SDKROOT="iphoneos";IPHONEOS_DEPLOYMENT_TARGET="18.0";SWIFT_VERSION="5.0";TARGETED_DEVICE_FAMILY="1";CODE_SIGN_STYLE="Automatic";DEVELOPMENT_TEAM="TV6G82BJ4U";MARKETING_VERSION="1.0";CURRENT_PROJECT_VERSION="1";ENABLE_USER_SCRIPT_SANDBOXING="YES";CLANG_ENABLE_MODULES="YES";SWIFT_STRICT_CONCURRENCY="complete";SWIFT_OPTIMIZATION_LEVEL="-Onone";SWIFT_ACTIVE_COMPILATION_CONDITIONS="DEBUG";PRODUCT_NAME="GameDay";PRODUCT_BUNDLE_IDENTIFIER="com.wodsmith.gameday";INFOPLIST_FILE="GameDay/Info.plist";ASSETCATALOG_COMPILER_APPICON_NAME="AppIcon";ENABLE_TESTABILITY="YES";LD_RUNPATH_SEARCH_PATHS="$(inherited) @executable_path/Frameworks";};};
3AD1603151A09145BABD0486={isa=XCBuildConfiguration; name=Release; buildSettings={SDKROOT="iphoneos";IPHONEOS_DEPLOYMENT_TARGET="18.0";SWIFT_VERSION="5.0";TARGETED_DEVICE_FAMILY="1";CODE_SIGN_STYLE="Automatic";DEVELOPMENT_TEAM="TV6G82BJ4U";MARKETING_VERSION="1.0";CURRENT_PROJECT_VERSION="1";ENABLE_USER_SCRIPT_SANDBOXING="YES";CLANG_ENABLE_MODULES="YES";SWIFT_STRICT_CONCURRENCY="complete";SWIFT_OPTIMIZATION_LEVEL="-O";SWIFT_ACTIVE_COMPILATION_CONDITIONS="";PRODUCT_NAME="GameDay";PRODUCT_BUNDLE_IDENTIFIER="com.wodsmith.gameday";INFOPLIST_FILE="GameDay/Info.plist";ASSETCATALOG_COMPILER_APPICON_NAME="AppIcon";ENABLE_TESTABILITY="YES";LD_RUNPATH_SEARCH_PATHS="$(inherited) @executable_path/Frameworks";};};
88DE4F969C4CF7EE82C89007={isa=XCConfigurationList; buildConfigurations=(1708F61281037733430FED03,3AD1603151A09145BABD0486); defaultConfigurationIsVisible=0; defaultConfigurationName=Release;};
78D231CEFE0121B10EC83718={isa=PBXNativeTarget;buildConfigurationList=88DE4F969C4CF7EE82C89007;buildPhases=(FED2FDE401BEF3DE9FDD3BA6,F3B0BF6A58BC5A84DA46BAFA,EA53654C3CE48ABF9DE310B9,34F62FEB2CD66FC8EFC648B8);buildRules=();dependencies=(AC7ECA2F77832307CBA677DC);name=GameDay;productName=GameDay;productReference=DB3DC263930E1C6A45ECD5B6;productType="com.apple.product-type.application";};
839DBAE6BBD7401833639FC7={isa=PBXContainerItemProxy;containerPortal=98F54143AB4E86B28C3AFEE0;proxyType=1;remoteGlobalIDString=78D231CEFE0121B10EC83718;remoteInfo="GameDayTests";};
668B0CB712C291B73C4EB07D={isa=PBXTargetDependency;target=78D231CEFE0121B10EC83718;targetProxy=839DBAE6BBD7401833639FC7;};
A9C99D2837A7B054480B876F={isa=PBXFileReference; explicitFileType=wrapper.cfbundle; path=GameDayTests.xctest; sourceTree=BUILT_PRODUCTS_DIR;};
9F6AC19999F027B886FCC73F={isa=PBXBuildFile; fileRef=3243C8FD20011E99569F0071;};
613BF62B8B89B759F2778E3B={isa=PBXBuildFile; fileRef=52E4EAD66F8EE1F4775AAD87;};
83D2F9830D8ACEAD286725C6={isa=PBXBuildFile; fileRef=A981FD4DA1D3DCC59211A114;};
4E26072EC7E62EC7BF1470E1={isa=PBXBuildFile; fileRef=948EE658E27FD0B2A735FD8B;};
4958518E7976E9C1B439F819={isa=PBXSourcesBuildPhase; buildActionMask=2147483647; files=(9F6AC19999F027B886FCC73F,613BF62B8B89B759F2778E3B,83D2F9830D8ACEAD286725C6,4E26072EC7E62EC7BF1470E1); runOnlyForDeploymentPostprocessing=0;};
FE7B4D415540ADF274719E2E={isa=PBXResourcesBuildPhase; buildActionMask=2147483647; files=(); runOnlyForDeploymentPostprocessing=0;};
4ED5DCA13578A1B406B1D7AC={isa=PBXFrameworksBuildPhase; buildActionMask=2147483647; files=(); runOnlyForDeploymentPostprocessing=0;};
F6FB17BFA01BB734EED0CEF4={isa=XCBuildConfiguration; name=Debug; buildSettings={SDKROOT="iphoneos";IPHONEOS_DEPLOYMENT_TARGET="18.0";SWIFT_VERSION="5.0";TARGETED_DEVICE_FAMILY="1";CODE_SIGN_STYLE="Automatic";DEVELOPMENT_TEAM="TV6G82BJ4U";MARKETING_VERSION="1.0";CURRENT_PROJECT_VERSION="1";ENABLE_USER_SCRIPT_SANDBOXING="YES";CLANG_ENABLE_MODULES="YES";SWIFT_STRICT_CONCURRENCY="complete";SWIFT_OPTIMIZATION_LEVEL="-Onone";SWIFT_ACTIVE_COMPILATION_CONDITIONS="DEBUG";PRODUCT_NAME="GameDayTests";PRODUCT_BUNDLE_IDENTIFIER="com.wodsmith.gameday.tests";GENERATE_INFOPLIST_FILE="YES";TEST_HOST="$(BUILT_PRODUCTS_DIR)/GameDay.app/$(BUNDLE_EXECUTABLE_FOLDER_PATH)/GameDay";BUNDLE_LOADER="$(TEST_HOST)";};};
A8F279AF6898CCA59C519F53={isa=XCBuildConfiguration; name=Release; buildSettings={SDKROOT="iphoneos";IPHONEOS_DEPLOYMENT_TARGET="18.0";SWIFT_VERSION="5.0";TARGETED_DEVICE_FAMILY="1";CODE_SIGN_STYLE="Automatic";DEVELOPMENT_TEAM="TV6G82BJ4U";MARKETING_VERSION="1.0";CURRENT_PROJECT_VERSION="1";ENABLE_USER_SCRIPT_SANDBOXING="YES";CLANG_ENABLE_MODULES="YES";SWIFT_STRICT_CONCURRENCY="complete";SWIFT_OPTIMIZATION_LEVEL="-O";SWIFT_ACTIVE_COMPILATION_CONDITIONS="";PRODUCT_NAME="GameDayTests";PRODUCT_BUNDLE_IDENTIFIER="com.wodsmith.gameday.tests";GENERATE_INFOPLIST_FILE="YES";TEST_HOST="$(BUILT_PRODUCTS_DIR)/GameDay.app/$(BUNDLE_EXECUTABLE_FOLDER_PATH)/GameDay";BUNDLE_LOADER="$(TEST_HOST)";};};
B976F098DAF9C1079DB2B6F6={isa=XCConfigurationList; buildConfigurations=(F6FB17BFA01BB734EED0CEF4,A8F279AF6898CCA59C519F53); defaultConfigurationIsVisible=0; defaultConfigurationName=Release;};
5057A5FDAF29124D6E674184={isa=PBXNativeTarget;buildConfigurationList=B976F098DAF9C1079DB2B6F6;buildPhases=(4958518E7976E9C1B439F819,FE7B4D415540ADF274719E2E,4ED5DCA13578A1B406B1D7AC);buildRules=();dependencies=(668B0CB712C291B73C4EB07D);name=GameDayTests;productName=GameDayTests;productReference=A9C99D2837A7B054480B876F;productType="com.apple.product-type.bundle.unit-test";};
0BC07CA456D545F6DBF1292E={isa=PBXContainerItemProxy;containerPortal=98F54143AB4E86B28C3AFEE0;proxyType=1;remoteGlobalIDString=78D231CEFE0121B10EC83718;remoteInfo="GameDayUITests";};
9551545E47C006E05BE561E1={isa=PBXTargetDependency;target=78D231CEFE0121B10EC83718;targetProxy=0BC07CA456D545F6DBF1292E;};
34809539BAF4158D70E5A6B0={isa=PBXFileReference; explicitFileType=wrapper.cfbundle; path=GameDayUITests.xctest; sourceTree=BUILT_PRODUCTS_DIR;};
CEABE48C27A73AC63FB2E761={isa=PBXBuildFile; fileRef=C24B746C5972B73A417C62BF;};
DBCA54EC5A1411A182BA7571={isa=PBXBuildFile; fileRef=DD7B7C7DEF7F65BF9FA11187;};
E0CF4ACD6D9ACC25840A7451={isa=PBXBuildFile; fileRef=D737C116599C99B09EE30932;};
750D5CF98880B20E4B16A996={isa=PBXBuildFile; fileRef=6DBB21C596C78AEEE217A09C;};
44FB71EE9FA21F809FF6CEB6={isa=PBXSourcesBuildPhase; buildActionMask=2147483647; files=(CEABE48C27A73AC63FB2E761,DBCA54EC5A1411A182BA7571,E0CF4ACD6D9ACC25840A7451,750D5CF98880B20E4B16A996); runOnlyForDeploymentPostprocessing=0;};
8F28BF4C98192FB37522EBF9={isa=PBXResourcesBuildPhase; buildActionMask=2147483647; files=(); runOnlyForDeploymentPostprocessing=0;};
06628A338926A45736086C00={isa=PBXFrameworksBuildPhase; buildActionMask=2147483647; files=(); runOnlyForDeploymentPostprocessing=0;};
61113C4F2228A0DC33BFA10B={isa=XCBuildConfiguration; name=Debug; buildSettings={SDKROOT="iphoneos";IPHONEOS_DEPLOYMENT_TARGET="18.0";SWIFT_VERSION="5.0";TARGETED_DEVICE_FAMILY="1";CODE_SIGN_STYLE="Automatic";DEVELOPMENT_TEAM="TV6G82BJ4U";MARKETING_VERSION="1.0";CURRENT_PROJECT_VERSION="1";ENABLE_USER_SCRIPT_SANDBOXING="YES";CLANG_ENABLE_MODULES="YES";SWIFT_STRICT_CONCURRENCY="complete";SWIFT_OPTIMIZATION_LEVEL="-Onone";SWIFT_ACTIVE_COMPILATION_CONDITIONS="DEBUG";PRODUCT_NAME="GameDayUITests";PRODUCT_BUNDLE_IDENTIFIER="com.wodsmith.gameday.uitests";GENERATE_INFOPLIST_FILE="YES";TEST_TARGET_NAME="GameDay";};};
3B9D1711A6B63D1ED8779596={isa=XCBuildConfiguration; name=Release; buildSettings={SDKROOT="iphoneos";IPHONEOS_DEPLOYMENT_TARGET="18.0";SWIFT_VERSION="5.0";TARGETED_DEVICE_FAMILY="1";CODE_SIGN_STYLE="Automatic";DEVELOPMENT_TEAM="TV6G82BJ4U";MARKETING_VERSION="1.0";CURRENT_PROJECT_VERSION="1";ENABLE_USER_SCRIPT_SANDBOXING="YES";CLANG_ENABLE_MODULES="YES";SWIFT_STRICT_CONCURRENCY="complete";SWIFT_OPTIMIZATION_LEVEL="-O";SWIFT_ACTIVE_COMPILATION_CONDITIONS="";PRODUCT_NAME="GameDayUITests";PRODUCT_BUNDLE_IDENTIFIER="com.wodsmith.gameday.uitests";GENERATE_INFOPLIST_FILE="YES";TEST_TARGET_NAME="GameDay";};};
BC49B04BC919227586496C6E={isa=XCConfigurationList; buildConfigurations=(61113C4F2228A0DC33BFA10B,3B9D1711A6B63D1ED8779596); defaultConfigurationIsVisible=0; defaultConfigurationName=Release;};
40B6B3B8658BE934397C8EE3={isa=PBXNativeTarget;buildConfigurationList=BC49B04BC919227586496C6E;buildPhases=(44FB71EE9FA21F809FF6CEB6,8F28BF4C98192FB37522EBF9,06628A338926A45736086C00);buildRules=();dependencies=(9551545E47C006E05BE561E1);name=GameDayUITests;productName=GameDayUITests;productReference=34809539BAF4158D70E5A6B0;productType="com.apple.product-type.bundle.ui-testing";};
FBDC4F23F93125BBEEAE800C={isa=PBXGroup;children=(CAC424D32327B083B4DF5E9F,DB3DC263930E1C6A45ECD5B6,A9C99D2837A7B054480B876F,34809539BAF4158D70E5A6B0);name=Products;sourceTree="<group>";};
E50290A24C49A459B43487C5={isa=PBXGroup;children=(F1F38DF0F6A5E721AD21E421,7FE4B26D81395C81DCFF910E,E27B46F37612388F7B5D804E,2BD90BAEB506EBB826243148,D7F1B889D5AA9DC3D67DBDCC,368E01111EC853D3F4EF5C50,A73A5813AF805AC664D01456,B6EF6D49AB3EF3BED80AED4E,F4EFB904735DDAAE1BAC7767,E5C28653FE48C96693091AEF,B412C330E686ABF6ACD2DD4E,AABC014346512F63D7D6F691,4FFD17DF217672F937C00F2A,E82E0E9CF93F3F52FA77F579,3243C8FD20011E99569F0071,52E4EAD66F8EE1F4775AAD87,A981FD4DA1D3DCC59211A114,948EE658E27FD0B2A735FD8B,C24B746C5972B73A417C62BF,DD7B7C7DEF7F65BF9FA11187,D737C116599C99B09EE30932,6DBB21C596C78AEEE217A09C,D11D87D4268925FE7D9593AF,153CE5D13BB3267B116B9B5E,FBDC4F23F93125BBEEAE800C);sourceTree="<group>";};
89E1FD6268CC0F221A2BE178={isa=XCBuildConfiguration; name=Debug; buildSettings={SDKROOT="iphoneos";IPHONEOS_DEPLOYMENT_TARGET="18.0";SWIFT_VERSION="5.0";TARGETED_DEVICE_FAMILY="1";CODE_SIGN_STYLE="Automatic";DEVELOPMENT_TEAM="TV6G82BJ4U";MARKETING_VERSION="1.0";CURRENT_PROJECT_VERSION="1";ENABLE_USER_SCRIPT_SANDBOXING="YES";CLANG_ENABLE_MODULES="YES";SWIFT_STRICT_CONCURRENCY="complete";SWIFT_OPTIMIZATION_LEVEL="-Onone";SWIFT_ACTIVE_COMPILATION_CONDITIONS="DEBUG";};};
E6DE6C99132752C914FEF632={isa=XCBuildConfiguration; name=Release; buildSettings={SDKROOT="iphoneos";IPHONEOS_DEPLOYMENT_TARGET="18.0";SWIFT_VERSION="5.0";TARGETED_DEVICE_FAMILY="1";CODE_SIGN_STYLE="Automatic";DEVELOPMENT_TEAM="TV6G82BJ4U";MARKETING_VERSION="1.0";CURRENT_PROJECT_VERSION="1";ENABLE_USER_SCRIPT_SANDBOXING="YES";CLANG_ENABLE_MODULES="YES";SWIFT_STRICT_CONCURRENCY="complete";SWIFT_OPTIMIZATION_LEVEL="-O";SWIFT_ACTIVE_COMPILATION_CONDITIONS="";};};
862894B703A6DEDF96A9DD6C={isa=XCConfigurationList; buildConfigurations=(89E1FD6268CC0F221A2BE178,E6DE6C99132752C914FEF632); defaultConfigurationIsVisible=0; defaultConfigurationName=Release;};
98F54143AB4E86B28C3AFEE0={isa=PBXProject;attributes={BuildIndependentTargetsInParallel=YES;LastUpgradeCheck=2620;};buildConfigurationList=862894B703A6DEDF96A9DD6C;compatibilityVersion="Xcode 14.0";developmentRegion=en;hasScannedForEncodings=0;knownRegions=(en,Base,);mainGroup=E50290A24C49A459B43487C5;productRefGroup=FBDC4F23F93125BBEEAE800C;projectDirPath="";projectRoot="";targets=(78D231CEFE0121B10EC83718,835034A0D6C63CFCE24BE37C,5057A5FDAF29124D6E674184,40B6B3B8658BE934397C8EE3);};
};rootObject=98F54143AB4E86B28C3AFEE0;}
